
Microsoft Visual Studio Solution File, Format Version 12.00
# Visual Studio Version 17
VisualStudioVersion = 17.5.33414.496
MinimumVisualStudioVersion = 10.0.40219.1
Project("{FAE04EC0-301F-11D3-BF4B-00C04F79EFBC}") = "FirstMVCApplication", "FirstMVCApplication\FirstMVCApplication.csproj", "{7F616D32-C753-4B01-B474-6FB7F904BE1C}"
EndProject
Global
	GlobalSection(SolutionConfigurationPlatforms) = preSolution
		Debug|Any CPU = Debug|Any CPU
		Release|Any CPU = Release|Any CPU
	EndGlobalSection
	GlobalSection(ProjectConfigurationPlatforms) = postSolution
		{7F616D32-C753-4B01-B474-6FB7F904BE1C}.Debug|Any CPU.ActiveCfg = Debug|Any CPU
		{7F616D32-C753-4B01-B474-6FB7F904BE1C}.Debug|Any CPU.Build.0 = Debug|Any CPU
		{7F616D32-C753-4B01-B474-6FB7F904BE1C}.Release|Any CPU.ActiveCfg = Release|Any CPU
		{7F616D32-C753-4B01-B474-6FB7F904BE1C}.Release|Any CPU.Build.0 = Release|Any CPU
	EndGlobalSection
	GlobalSection(SolutionProperties) = preSolution
		HideSolutionNode = FALSE
	EndGlobalSection
	GlobalSection(ExtensibilityGlobals) = postSolution
		SolutionGuid = {D0465C58-8F79-4FB7-A9E5-994D75BCEE00}
	EndGlobalSection
EndGlobal
